
Microsoft Visual Studio Solution File, Format Version 12.00
# Visual Studio Version 17
VisualStudioVersion = 17.4.33213.308
MinimumVisualStudioVersion = 10.0.40219.1
Project("{FAE04EC0-301F-11D3-BF4B-00C04F79EFBC}") = "TEST", "TEST\TEST.csproj", "{F09AC5F4-A08F-428E-9C67-1B359053DE8A}"
EndProject
Global
	GlobalSection(SolutionConfigurationPlatforms) = preSolution
		Debug|Any CPU = Debug|Any CPU
		Release|Any CPU = Release|Any CPU
	EndGlobalSection
	GlobalSection(ProjectConfigurationPlatforms) = postSolution
		{F09AC5F4-A08F-428E-9C67-1B359053DE8A}.Debug|Any CPU.ActiveCfg = Debug|Any CPU
		{F09AC5F4-A08F-428E-9C67-1B359053DE8A}.Debug|Any CPU.Build.0 = Debug|Any CPU
		{F09AC5F4-A08F-428E-9C67-1B359053DE8A}.Release|Any CPU.ActiveCfg = Release|Any CPU
		{F09AC5F4-A08F-428E-9C67-1B359053DE8A}.Release|Any CPU.Build.0 = Release|Any CPU
	EndGlobalSection
	GlobalSection(SolutionProperties) = preSolution
		HideSolutionNode = FALSE
	EndGlobalSection
	GlobalSection(ExtensibilityGlobals) = postSolution
		SolutionGuid = {3CF40489-CDAF-47EB-A7E8-D35AD00C7A06}
	EndGlobalSection
EndGlobal
