
Microsoft Visual Studio Solution File, Format Version 12.00
# Visual Studio Version 17
VisualStudioVersion = 17.5.33502.453
MinimumVisualStudioVersion = 10.0.40219.1
Project("{FAE04EC0-301F-11D3-BF4B-00C04F79EFBC}") = "Encoder", "Encoder\Encoder.csproj", "{A8FD353C-A9B1-456A-9F3D-78816D406861}"
EndProject
Global
	GlobalSection(SolutionConfigurationPlatforms) = preSolution
		Debug|Any CPU = Debug|Any CPU
		Release|Any CPU = Release|Any CPU
	EndGlobalSection
	GlobalSection(ProjectConfigurationPlatforms) = postSolution
		{A8FD353C-A9B1-456A-9F3D-78816D406861}.Debug|Any CPU.ActiveCfg = Debug|Any CPU
		{A8FD353C-A9B1-456A-9F3D-78816D406861}.Debug|Any CPU.Build.0 = Debug|Any CPU
		{A8FD353C-A9B1-456A-9F3D-78816D406861}.Release|Any CPU.ActiveCfg = Release|Any CPU
		{A8FD353C-A9B1-456A-9F3D-78816D406861}.Release|Any CPU.Build.0 = Release|Any CPU
	EndGlobalSection
	GlobalSection(SolutionProperties) = preSolution
		HideSolutionNode = FALSE
	EndGlobalSection
	GlobalSection(ExtensibilityGlobals) = postSolution
		SolutionGuid = {657C33BA-0126-4C59-B17E-6E65C5F47C0C}
	EndGlobalSection
EndGlobal
